
Microsoft Visual Studio Solution File, Format Version 12.00
# Visual Studio 15
VisualStudioVersion = 15.0.27703.2026
MinimumVisualStudioVersion = 10.0.40219.1
Project("{9A19103F-16F7-4668-BE54-9A1E7A4F7556}") = "MPK.Connect.DataAccess", "MPK.Connect.DataAccess\MPK.Connect.DataAccess.csproj", "{74853B39-F37C-4106-B431-7C76CF255171}"
EndProject
Project("{9A19103F-16F7-4668-BE54-9A1E7A4F7556}") = "MPK.Connect.Model", "MPK.Connect.Model\MPK.Connect.Model.csproj", "{31E86CCB-C97E-4B1D-ACD1-7764AD56EE94}"
EndProject
Project("{9A19103F-16F7-4668-BE54-9A1E7A4F7556}") = "MPK.Console.DataImporter", "MPK.Console.DataImporter\MPK.Console.DataImporter.csproj", "{4DF7EC38-4D46-433A-82CD-799687E78BC1}"
EndProject
Project("{9A19103F-16F7-4668-BE54-9A1E7A4F7556}") = "MPK.Connect.Service", "MPK.Connect.Service\MPK.Connect.Service.csproj", "{1FC28ADA-41CD-41ED-A2AD-C2F07BECC5DC}"
EndProject
Project("{9A19103F-16F7-4668-BE54-9A1E7A4F7556}") = "MPK.Connect.Test", "MPK.Connect.Test\MPK.Connect.Test.csproj", "{650BE571-7460-4700-BC22-FEDDC1A80A57}"
EndProject
Project("{FAE04EC0-301F-11D3-BF4B-00C04F79EFBC}") = "MPK.Connect.WebApp", "MPK.Connect.WebApi\MPK.Connect.WebApp.csproj", "{FD9EB602-FAF9-4802-A0D2-72A79FAF20DF}"
EndProject
Global
	GlobalSection(SolutionConfigurationPlatforms) = preSolution
		Debug|Any CPU = Debug|Any CPU
		Release|Any CPU = Release|Any CPU
	EndGlobalSection
	GlobalSection(ProjectConfigurationPlatforms) = postSolution
		{74853B39-F37C-4106-B431-7C76CF255171}.Debug|Any CPU.ActiveCfg = Debug|Any CPU
		{74853B39-F37C-4106-B431-7C76CF255171}.Debug|Any CPU.Build.0 = Debug|Any CPU
		{74853B39-F37C-4106-B431-7C76CF255171}.Release|Any CPU.ActiveCfg = Release|Any CPU
		{74853B39-F37C-4106-B431-7C76CF255171}.Release|Any CPU.Build.0 = Release|Any CPU
		{31E86CCB-C97E-4B1D-ACD1-7764AD56EE94}.Debug|Any CPU.ActiveCfg = Debug|Any CPU
		{31E86CCB-C97E-4B1D-ACD1-7764AD56EE94}.Debug|Any CPU.Build.0 = Debug|Any CPU
		{31E86CCB-C97E-4B1D-ACD1-7764AD56EE94}.Release|Any CPU.ActiveCfg = Release|Any CPU
		{31E86CCB-C97E-4B1D-ACD1-7764AD56EE94}.Release|Any CPU.Build.0 = Release|Any CPU
		{4DF7EC38-4D46-433A-82CD-799687E78BC1}.Debug|Any CPU.ActiveCfg = Debug|Any CPU
		{4DF7EC38-4D46-433A-82CD-799687E78BC1}.Debug|Any CPU.Build.0 = Debug|Any CPU
		{4DF7EC38-4D46-433A-82CD-799687E78BC1}.Release|Any CPU.ActiveCfg = Release|Any CPU
		{4DF7EC38-4D46-433A-82CD-799687E78BC1}.Release|Any CPU.Build.0 = Release|Any CPU
		{1FC28ADA-41CD-41ED-A2AD-C2F07BECC5DC}.Debug|Any CPU.ActiveCfg = Debug|Any CPU
		{1FC28ADA-41CD-41ED-A2AD-C2F07BECC5DC}.Debug|Any CPU.Build.0 = Debug|Any CPU
		{1FC28ADA-41CD-41ED-A2AD-C2F07BECC5DC}.Release|Any CPU.ActiveCfg = Release|Any CPU
		{1FC28ADA-41CD-41ED-A2AD-C2F07BECC5DC}.Release|Any CPU.Build.0 = Release|Any CPU
		{650BE571-7460-4700-BC22-FEDDC1A80A57}.Debug|Any CPU.ActiveCfg = Debug|Any CPU
		{650BE571-7460-4700-BC22-FEDDC1A80A57}.Debug|Any CPU.Build.0 = Debug|Any CPU
		{650BE571-7460-4700-BC22-FEDDC1A80A57}.Release|Any CPU.ActiveCfg = Release|Any CPU
		{650BE571-7460-4700-BC22-FEDDC1A80A57}.Release|Any CPU.Build.0 = Release|Any CPU
		{FD9EB602-FAF9-4802-A0D2-72A79FAF20DF}.Debug|Any CPU.ActiveCfg = Debug|Any CPU
		{FD9EB602-FAF9-4802-A0D2-72A79FAF20DF}.Debug|Any CPU.Build.0 = Debug|Any CPU
		{FD9EB602-FAF9-4802-A0D2-72A79FAF20DF}.Release|Any CPU.ActiveCfg = Release|Any CPU
		{FD9EB602-FAF9-4802-A0D2-72A79FAF20DF}.Release|Any CPU.Build.0 = Release|Any CPU
	EndGlobalSection
	GlobalSection(SolutionProperties) = preSolution
		HideSolutionNode = FALSE
	EndGlobalSection
	GlobalSection(ExtensibilityGlobals) = postSolution
		SolutionGuid = {4B7A8310-1250-4E84-99B7-13545EE1AFD6}
	EndGlobalSection
EndGlobal
